
Microsoft Visual Studio Solution File, Format Version 12.00
# Visual Studio Version 17
VisualStudioVersion = 17.14.36121.58 d17.14
MinimumVisualStudioVersion = 10.0.40219.1
Project("{FAE04EC0-301F-11D3-BF4B-00C04F79EFBC}") = "ConsoleQuiz", "ConsoleQuiz.csproj", "{A0E69077-DFA3-E1EF-CB4A-66CEDC8D7E15}"
EndProject
Project("{FAE04EC0-301F-11D3-BF4B-00C04F79EFBC}") = "ConsoleQuizUnitTests", "..\ConsoleQuizUnitTests\ConsoleQuizUnitTests.csproj", "{3E757B16-36E2-FC29-7E4A-98AB4A70FE20}"
EndProject
Global
	GlobalSection(SolutionConfigurationPlatforms) = preSolution
		Debug|Any CPU = Debug|Any CPU
		Release|Any CPU = Release|Any CPU
	EndGlobalSection
	GlobalSection(ProjectConfigurationPlatforms) = postSolution
		{A0E69077-DFA3-E1EF-CB4A-66CEDC8D7E15}.Debug|Any CPU.ActiveCfg = Debug|Any CPU
		{A0E69077-DFA3-E1EF-CB4A-66CEDC8D7E15}.Debug|Any CPU.Build.0 = Debug|Any CPU
		{A0E69077-DFA3-E1EF-CB4A-66CEDC8D7E15}.Release|Any CPU.ActiveCfg = Release|Any CPU
		{A0E69077-DFA3-E1EF-CB4A-66CEDC8D7E15}.Release|Any CPU.Build.0 = Release|Any CPU
		{3E757B16-36E2-FC29-7E4A-98AB4A70FE20}.Debug|Any CPU.ActiveCfg = Debug|Any CPU
		{3E757B16-36E2-FC29-7E4A-98AB4A70FE20}.Debug|Any CPU.Build.0 = Debug|Any CPU
		{3E757B16-36E2-FC29-7E4A-98AB4A70FE20}.Release|Any CPU.ActiveCfg = Release|Any CPU
		{3E757B16-36E2-FC29-7E4A-98AB4A70FE20}.Release|Any CPU.Build.0 = Release|Any CPU
	EndGlobalSection
	GlobalSection(SolutionProperties) = preSolution
		HideSolutionNode = FALSE
	EndGlobalSection
	GlobalSection(ExtensibilityGlobals) = postSolution
		SolutionGuid = {5108881C-46B1-4F61-9B4E-965C7BD9BB97}
	EndGlobalSection
EndGlobal
